
Microsoft Visual Studio Solution File, Format Version 12.00
# Visual Studio Version 17
VisualStudioVersion = 17.4.33110.190
MinimumVisualStudioVersion = 10.0.40219.1
Project("{FAE04EC0-301F-11D3-BF4B-00C04F79EFBC}") = "swapping of 2 num", "swapping of 2 num.csproj", "{CB1726B0-9046-4309-BE72-173477302F9A}"
EndProject
Global
	GlobalSection(SolutionConfigurationPlatforms) = preSolution
		Debug|Any CPU = Debug|Any CPU
		Release|Any CPU = Release|Any CPU
	EndGlobalSection
	GlobalSection(ProjectConfigurationPlatforms) = postSolution
		{CB1726B0-9046-4309-BE72-173477302F9A}.Debug|Any CPU.ActiveCfg = Debug|Any CPU
		{CB1726B0-9046-4309-BE72-173477302F9A}.Debug|Any CPU.Build.0 = Debug|Any CPU
		{CB1726B0-9046-4309-BE72-173477302F9A}.Release|Any CPU.ActiveCfg = Release|Any CPU
		{CB1726B0-9046-4309-BE72-173477302F9A}.Release|Any CPU.Build.0 = Release|Any CPU
	EndGlobalSection
	GlobalSection(SolutionProperties) = preSolution
		HideSolutionNode = FALSE
	EndGlobalSection
	GlobalSection(ExtensibilityGlobals) = postSolution
		SolutionGuid = {793493E1-5239-4E0A-85EA-B89543681980}
	EndGlobalSection
EndGlobal
